
Microsoft Visual Studio Solution File, Format Version 12.00
# Visual Studio Version 16
VisualStudioVersion = 16.0.30907.101
MinimumVisualStudioVersion = 10.0.40219.1
Project("{8BC9CEB8-8B4A-11D0-8D11-00A0C91BC942}") = "D:\Tout mes fichiers\Cours\4EO\Mecatronique\Q2\Arduino - PID motor speed", "D:\Tout mes fichiers\Cours\4EO\Mecatronique\Q2\Arduino - PID motor speed\Arduino - PID motor speed.vcxproj", "{E751F1B4-12A2-43B1-92ED-809C909EC135}"
EndProject
Global
	GlobalSection(SolutionConfigurationPlatforms) = preSolution
		Debug|x64 = Debug|x64
		Debug|x86 = Debug|x86
		Release|x64 = Release|x64
		Release|x86 = Release|x86
	EndGlobalSection
	GlobalSection(ProjectConfigurationPlatforms) = postSolution
		{E751F1B4-12A2-43B1-92ED-809C909EC135}.Debug|x64.ActiveCfg = Debug|x64
		{E751F1B4-12A2-43B1-92ED-809C909EC135}.Debug|x64.Build.0 = Debug|x64
		{E751F1B4-12A2-43B1-92ED-809C909EC135}.Debug|x86.ActiveCfg = Debug|Win32
		{E751F1B4-12A2-43B1-92ED-809C909EC135}.Debug|x86.Build.0 = Debug|Win32
		{E751F1B4-12A2-43B1-92ED-809C909EC135}.Release|x64.ActiveCfg = Release|x64
		{E751F1B4-12A2-43B1-92ED-809C909EC135}.Release|x64.Build.0 = Release|x64
		{E751F1B4-12A2-43B1-92ED-809C909EC135}.Release|x86.ActiveCfg = Release|Win32
		{E751F1B4-12A2-43B1-92ED-809C909EC135}.Release|x86.Build.0 = Release|Win32
	EndGlobalSection
	GlobalSection(SolutionProperties) = preSolution
		HideSolutionNode = FALSE
	EndGlobalSection
	GlobalSection(ExtensibilityGlobals) = postSolution
		SolutionGuid = {6290BDAE-4FCD-4657-BA23-82C7A9D153B6}
	EndGlobalSection
EndGlobal
